
Microsoft Visual Studio Solution File, Format Version 12.00
# Visual Studio Version 16
VisualStudioVersion = 16.0.31112.23
MinimumVisualStudioVersion = 10.0.40219.1
Project("{FAE04EC0-301F-11D3-BF4B-00C04F79EFBC}") = "01.ActionPrint", "01.ActionPrint\01.ActionPrint.csproj", "{4285AE34-6AB0-4B27-99D5-5FD6E537462D}"
EndProject
Project("{FAE04EC0-301F-11D3-BF4B-00C04F79EFBC}") = "02.KnightsOfHonour", "02.KnightsOfHonour\02.KnightsOfHonour.csproj", "{522BDCED-C7A0-4C64-BEBC-A709AACD19F5}"
EndProject
Project("{FAE04EC0-301F-11D3-BF4B-00C04F79EFBC}") = "03.CustomMinFunction", "03.CustomMinFunction\03.CustomMinFunction.csproj", "{CB27F25D-C1E4-4236-8D36-E3E9990CC0F0}"
EndProject
Project("{FAE04EC0-301F-11D3-BF4B-00C04F79EFBC}") = "04.FindEvensOrOdds", "04.FindEvensOrOdds\04.FindEvensOrOdds.csproj", "{82B90CCA-3410-47B0-8800-C651BEC9EF42}"
EndProject
Project("{FAE04EC0-301F-11D3-BF4B-00C04F79EFBC}") = "05.AppliedArithmetics", "05.AppliedArithmetics\05.AppliedArithmetics.csproj", "{129A3503-0E20-477A-99C0-F9A8CD6266EA}"
EndProject
Project("{FAE04EC0-301F-11D3-BF4B-00C04F79EFBC}") = "06.ReverseAndExclude", "06.ReverseAndExclude\06.ReverseAndExclude.csproj", "{52843306-DFEA-4FB0-9987-38EF478256C7}"
EndProject
Project("{FAE04EC0-301F-11D3-BF4B-00C04F79EFBC}") = "07.PredicateForNames", "07.PredicateForNames\07.PredicateForNames.csproj", "{7A5AD2DF-69C2-4372-BDD1-8F6A878FC00F}"
EndProject
Project("{FAE04EC0-301F-11D3-BF4B-00C04F79EFBC}") = "08.ListOfPredicates", "07.ListOfPredicates\08.ListOfPredicates.csproj", "{A6C3E118-FC4C-43D4-9F27-962721AE0F19}"
EndProject
Project("{FAE04EC0-301F-11D3-BF4B-00C04F79EFBC}") = "09.PredicateParty", "09.PredicateParty\09.PredicateParty.csproj", "{14B32051-49C9-4B7B-9A82-BA29C067D0A3}"
EndProject
Project("{FAE04EC0-301F-11D3-BF4B-00C04F79EFBC}") = "10.ThePartyReservationFilterModule", "10.ThePartyReservationFilterModule\10.ThePartyReservationFilterModule.csproj", "{347D6573-34EE-481D-85E8-FA263E6CB1D2}"
EndProject
Project("{FAE04EC0-301F-11D3-BF4B-00C04F79EFBC}") = "11.TriFunction", "11.TriFunction\11.TriFunction.csproj", "{1CC96E75-D733-4A4B-98D3-A39629C3CD8A}"
EndProject
Global
	GlobalSection(SolutionConfigurationPlatforms) = preSolution
		Debug|Any CPU = Debug|Any CPU
		Release|Any CPU = Release|Any CPU
	EndGlobalSection
	GlobalSection(ProjectConfigurationPlatforms) = postSolution
		{4285AE34-6AB0-4B27-99D5-5FD6E537462D}.Debug|Any CPU.ActiveCfg = Debug|Any CPU
		{4285AE34-6AB0-4B27-99D5-5FD6E537462D}.Debug|Any CPU.Build.0 = Debug|Any CPU
		{4285AE34-6AB0-4B27-99D5-5FD6E537462D}.Release|Any CPU.ActiveCfg = Release|Any CPU
		{4285AE34-6AB0-4B27-99D5-5FD6E537462D}.Release|Any CPU.Build.0 = Release|Any CPU
		{522BDCED-C7A0-4C64-BEBC-A709AACD19F5}.Debug|Any CPU.ActiveCfg = Debug|Any CPU
		{522BDCED-C7A0-4C64-BEBC-A709AACD19F5}.Debug|Any CPU.Build.0 = Debug|Any CPU
		{522BDCED-C7A0-4C64-BEBC-A709AACD19F5}.Release|Any CPU.ActiveCfg = Release|Any CPU
		{522BDCED-C7A0-4C64-BEBC-A709AACD19F5}.Release|Any CPU.Build.0 = Release|Any CPU
		{CB27F25D-C1E4-4236-8D36-E3E9990CC0F0}.Debug|Any CPU.ActiveCfg = Debug|Any CPU
		{CB27F25D-C1E4-4236-8D36-E3E9990CC0F0}.Debug|Any CPU.Build.0 = Debug|Any CPU
		{CB27F25D-C1E4-4236-8D36-E3E9990CC0F0}.Release|Any CPU.ActiveCfg = Release|Any CPU
		{CB27F25D-C1E4-4236-8D36-E3E9990CC0F0}.Release|Any CPU.Build.0 = Release|Any CPU
		{82B90CCA-3410-47B0-8800-C651BEC9EF42}.Debug|Any CPU.ActiveCfg = Debug|Any CPU
		{82B90CCA-3410-47B0-8800-C651BEC9EF42}.Debug|Any CPU.Build.0 = Debug|Any CPU
		{82B90CCA-3410-47B0-8800-C651BEC9EF42}.Release|Any CPU.ActiveCfg = Release|Any CPU
		{82B90CCA-3410-47B0-8800-C651BEC9EF42}.Release|Any CPU.Build.0 = Release|Any CPU
		{129A3503-0E20-477A-99C0-F9A8CD6266EA}.Debug|Any CPU.ActiveCfg = Debug|Any CPU
		{129A3503-0E20-477A-99C0-F9A8CD6266EA}.Debug|Any CPU.Build.0 = Debug|Any CPU
		{129A3503-0E20-477A-99C0-F9A8CD6266EA}.Release|Any CPU.ActiveCfg = Release|Any CPU
		{129A3503-0E20-477A-99C0-F9A8CD6266EA}.Release|Any CPU.Build.0 = Release|Any CPU
		{52843306-DFEA-4FB0-9987-38EF478256C7}.Debug|Any CPU.ActiveCfg = Debug|Any CPU
		{52843306-DFEA-4FB0-9987-38EF478256C7}.Debug|Any CPU.Build.0 = Debug|Any CPU
		{52843306-DFEA-4FB0-9987-38EF478256C7}.Release|Any CPU.ActiveCfg = Release|Any CPU
		{52843306-DFEA-4FB0-9987-38EF478256C7}.Release|Any CPU.Build.0 = Release|Any CPU
		{7A5AD2DF-69C2-4372-BDD1-8F6A878FC00F}.Debug|Any CPU.ActiveCfg = Debug|Any CPU
		{7A5AD2DF-69C2-4372-BDD1-8F6A878FC00F}.Debug|Any CPU.Build.0 = Debug|Any CPU
		{7A5AD2DF-69C2-4372-BDD1-8F6A878FC00F}.Release|Any CPU.ActiveCfg = Release|Any CPU
		{7A5AD2DF-69C2-4372-BDD1-8F6A878FC00F}.Release|Any CPU.Build.0 = Release|Any CPU
		{A6C3E118-FC4C-43D4-9F27-962721AE0F19}.Debug|Any CPU.ActiveCfg = Debug|Any CPU
		{A6C3E118-FC4C-43D4-9F27-962721AE0F19}.Debug|Any CPU.Build.0 = Debug|Any CPU
		{A6C3E118-FC4C-43D4-9F27-962721AE0F19}.Release|Any CPU.ActiveCfg = Release|Any CPU
		{A6C3E118-FC4C-43D4-9F27-962721AE0F19}.Release|Any CPU.Build.0 = Release|Any CPU
		{14B32051-49C9-4B7B-9A82-BA29C067D0A3}.Debug|Any CPU.ActiveCfg = Debug|Any CPU
		{14B32051-49C9-4B7B-9A82-BA29C067D0A3}.Debug|Any CPU.Build.0 = Debug|Any CPU
		{14B32051-49C9-4B7B-9A82-BA29C067D0A3}.Release|Any CPU.ActiveCfg = Release|Any CPU
		{14B32051-49C9-4B7B-9A82-BA29C067D0A3}.Release|Any CPU.Build.0 = Release|Any CPU
		{347D6573-34EE-481D-85E8-FA263E6CB1D2}.Debug|Any CPU.ActiveCfg = Debug|Any CPU
		{347D6573-34EE-481D-85E8-FA263E6CB1D2}.Debug|Any CPU.Build.0 = Debug|Any CPU
		{347D6573-34EE-481D-85E8-FA263E6CB1D2}.Release|Any CPU.ActiveCfg = Release|Any CPU
		{347D6573-34EE-481D-85E8-FA263E6CB1D2}.Release|Any CPU.Build.0 = Release|Any CPU
		{1CC96E75-D733-4A4B-98D3-A39629C3CD8A}.Debug|Any CPU.ActiveCfg = Debug|Any CPU
		{1CC96E75-D733-4A4B-98D3-A39629C3CD8A}.Debug|Any CPU.Build.0 = Debug|Any CPU
		{1CC96E75-D733-4A4B-98D3-A39629C3CD8A}.Release|Any CPU.ActiveCfg = Release|Any CPU
		{1CC96E75-D733-4A4B-98D3-A39629C3CD8A}.Release|Any CPU.Build.0 = Release|Any CPU
	EndGlobalSection
	GlobalSection(SolutionProperties) = preSolution
		HideSolutionNode = FALSE
	EndGlobalSection
	GlobalSection(ExtensibilityGlobals) = postSolution
		SolutionGuid = {E2AB0BE2-1D65-4438-A054-409B69196AA7}
	EndGlobalSection
EndGlobal
