
Microsoft Visual Studio Solution File, Format Version 12.00
# Visual Studio Version 16
VisualStudioVersion = 16.0.31112.23
MinimumVisualStudioVersion = 10.0.40219.1
Project("{FAE04EC0-301F-11D3-BF4B-00C04F79EFBC}") = "01.SortEvenNumbers", "01.SortEvenNumbers\01.SortEvenNumbers.csproj", "{80261207-93E8-4805-9AC0-261F63BE1E8D}"
EndProject
Project("{FAE04EC0-301F-11D3-BF4B-00C04F79EFBC}") = "02.SumNumbers", "02.SumNumbers\02.SumNumbers.csproj", "{025E9C6D-1948-4021-B55D-25F92603A247}"
EndProject
Project("{FAE04EC0-301F-11D3-BF4B-00C04F79EFBC}") = "03.CountUppercaseWords", "03.CountUppercaseWords\03.CountUppercaseWords.csproj", "{3C2FA01D-5D55-4FE6-A2F9-96199CB1CB2C}"
EndProject
Project("{FAE04EC0-301F-11D3-BF4B-00C04F79EFBC}") = "04.AddVAT", "04.AddVAT\04.AddVAT.csproj", "{C8105038-F588-43CD-B66E-4AC4CED96495}"
EndProject
Project("{FAE04EC0-301F-11D3-BF4B-00C04F79EFBC}") = "05.FilterByAge", "05.FilterByAge\05.FilterByAge.csproj", "{ACD772FE-6055-40DF-A2A3-2B969C28F1D9}"
EndProject
Global
	GlobalSection(SolutionConfigurationPlatforms) = preSolution
		Debug|Any CPU = Debug|Any CPU
		Release|Any CPU = Release|Any CPU
	EndGlobalSection
	GlobalSection(ProjectConfigurationPlatforms) = postSolution
		{80261207-93E8-4805-9AC0-261F63BE1E8D}.Debug|Any CPU.ActiveCfg = Debug|Any CPU
		{80261207-93E8-4805-9AC0-261F63BE1E8D}.Debug|Any CPU.Build.0 = Debug|Any CPU
		{80261207-93E8-4805-9AC0-261F63BE1E8D}.Release|Any CPU.ActiveCfg = Release|Any CPU
		{80261207-93E8-4805-9AC0-261F63BE1E8D}.Release|Any CPU.Build.0 = Release|Any CPU
		{025E9C6D-1948-4021-B55D-25F92603A247}.Debug|Any CPU.ActiveCfg = Debug|Any CPU
		{025E9C6D-1948-4021-B55D-25F92603A247}.Debug|Any CPU.Build.0 = Debug|Any CPU
		{025E9C6D-1948-4021-B55D-25F92603A247}.Release|Any CPU.ActiveCfg = Release|Any CPU
		{025E9C6D-1948-4021-B55D-25F92603A247}.Release|Any CPU.Build.0 = Release|Any CPU
		{3C2FA01D-5D55-4FE6-A2F9-96199CB1CB2C}.Debug|Any CPU.ActiveCfg = Debug|Any CPU
		{3C2FA01D-5D55-4FE6-A2F9-96199CB1CB2C}.Debug|Any CPU.Build.0 = Debug|Any CPU
		{3C2FA01D-5D55-4FE6-A2F9-96199CB1CB2C}.Release|Any CPU.ActiveCfg = Release|Any CPU
		{3C2FA01D-5D55-4FE6-A2F9-96199CB1CB2C}.Release|Any CPU.Build.0 = Release|Any CPU
		{C8105038-F588-43CD-B66E-4AC4CED96495}.Debug|Any CPU.ActiveCfg = Debug|Any CPU
		{C8105038-F588-43CD-B66E-4AC4CED96495}.Debug|Any CPU.Build.0 = Debug|Any CPU
		{C8105038-F588-43CD-B66E-4AC4CED96495}.Release|Any CPU.ActiveCfg = Release|Any CPU
		{C8105038-F588-43CD-B66E-4AC4CED96495}.Release|Any CPU.Build.0 = Release|Any CPU
		{ACD772FE-6055-40DF-A2A3-2B969C28F1D9}.Debug|Any CPU.ActiveCfg = Debug|Any CPU
		{ACD772FE-6055-40DF-A2A3-2B969C28F1D9}.Debug|Any CPU.Build.0 = Debug|Any CPU
		{ACD772FE-6055-40DF-A2A3-2B969C28F1D9}.Release|Any CPU.ActiveCfg = Release|Any CPU
		{ACD772FE-6055-40DF-A2A3-2B969C28F1D9}.Release|Any CPU.Build.0 = Release|Any CPU
	EndGlobalSection
	GlobalSection(SolutionProperties) = preSolution
		HideSolutionNode = FALSE
	EndGlobalSection
	GlobalSection(ExtensibilityGlobals) = postSolution
		SolutionGuid = {CA15B4C0-AC9C-4D35-B734-933155407794}
	EndGlobalSection
EndGlobal
